
Microsoft Visual Studio Solution File, Format Version 12.00
# Visual Studio Version 17
VisualStudioVersion = 17.7.34009.444
MinimumVisualStudioVersion = 10.0.40219.1
Project("{FAE04EC0-301F-11D3-BF4B-00C04F79EFBC}") = "BlogApp.API", "BlogApp.API\BlogApp.API.csproj", "{6BE4E512-6EFA-4DC5-9A83-EC14EC8F73C2}"
EndProject
Project("{FAE04EC0-301F-11D3-BF4B-00C04F79EFBC}") = "BlogApp.Core", "BlogApp.Core\BlogApp.Core.csproj", "{3FFF47D6-DF1B-41FC-831D-789FBF06123B}"
EndProject
Project("{FAE04EC0-301F-11D3-BF4B-00C04F79EFBC}") = "BlogApp.Business", "BlogApp.Business\BlogApp.Business.csproj", "{4647F05B-B9E4-4AB1-9AC6-3004C205DE94}"
EndProject
Project("{FAE04EC0-301F-11D3-BF4B-00C04F79EFBC}") = "BlogApp.DAL", "BlogApp.DAL\BlogApp.DAL.csproj", "{27707120-911B-410C-BD3D-B41D794A16AB}"
EndProject
Global
	GlobalSection(SolutionConfigurationPlatforms) = preSolution
		Debug|Any CPU = Debug|Any CPU
		Release|Any CPU = Release|Any CPU
	EndGlobalSection
	GlobalSection(ProjectConfigurationPlatforms) = postSolution
		{6BE4E512-6EFA-4DC5-9A83-EC14EC8F73C2}.Debug|Any CPU.ActiveCfg = Debug|Any CPU
		{6BE4E512-6EFA-4DC5-9A83-EC14EC8F73C2}.Debug|Any CPU.Build.0 = Debug|Any CPU
		{6BE4E512-6EFA-4DC5-9A83-EC14EC8F73C2}.Release|Any CPU.ActiveCfg = Release|Any CPU
		{6BE4E512-6EFA-4DC5-9A83-EC14EC8F73C2}.Release|Any CPU.Build.0 = Release|Any CPU
		{3FFF47D6-DF1B-41FC-831D-789FBF06123B}.Debug|Any CPU.ActiveCfg = Debug|Any CPU
		{3FFF47D6-DF1B-41FC-831D-789FBF06123B}.Debug|Any CPU.Build.0 = Debug|Any CPU
		{3FFF47D6-DF1B-41FC-831D-789FBF06123B}.Release|Any CPU.ActiveCfg = Release|Any CPU
		{3FFF47D6-DF1B-41FC-831D-789FBF06123B}.Release|Any CPU.Build.0 = Release|Any CPU
		{4647F05B-B9E4-4AB1-9AC6-3004C205DE94}.Debug|Any CPU.ActiveCfg = Debug|Any CPU
		{4647F05B-B9E4-4AB1-9AC6-3004C205DE94}.Debug|Any CPU.Build.0 = Debug|Any CPU
		{4647F05B-B9E4-4AB1-9AC6-3004C205DE94}.Release|Any CPU.ActiveCfg = Release|Any CPU
		{4647F05B-B9E4-4AB1-9AC6-3004C205DE94}.Release|Any CPU.Build.0 = Release|Any CPU
		{27707120-911B-410C-BD3D-B41D794A16AB}.Debug|Any CPU.ActiveCfg = Debug|Any CPU
		{27707120-911B-410C-BD3D-B41D794A16AB}.Debug|Any CPU.Build.0 = Debug|Any CPU
		{27707120-911B-410C-BD3D-B41D794A16AB}.Release|Any CPU.ActiveCfg = Release|Any CPU
		{27707120-911B-410C-BD3D-B41D794A16AB}.Release|Any CPU.Build.0 = Release|Any CPU
	EndGlobalSection
	GlobalSection(SolutionProperties) = preSolution
		HideSolutionNode = FALSE
	EndGlobalSection
	GlobalSection(ExtensibilityGlobals) = postSolution
		SolutionGuid = {217CF6BD-A31C-40AA-9FC5-D1965E410DFA}
	EndGlobalSection
EndGlobal
